{
  "name": "stream-to-buffer-example",
  "version": "1.0.0",
  "lockfileVersion": 1,
  "requires": true,
  "dependencies": {
    "@jorgeferrero/stream-to-buffer": {
      "version": "2.0.5",
      "resolved": "https://registry.npmjs.org/@jorgeferrero/stream-to-buffer/-/stream-to-buffer-2.0.5.tgz",
      "integrity": "sha512-bwxZSmKlOhPXFJD2FSWRSdCILvF5zxejOCVyQJFKCGZD6QbMttneyy2gSFAQLCGcIepYJCJkZI1O9zXxUe/3Vg=="
    }
  }
}
